{
  "nodes": {
    "nixpkgs": {
      "locked": {
        "lastModified": 1647291210,
        "narHash": "sha256-O1xLCz3RmXcyBmr1Et/N9SH9Y69CqNv5TFsrdhprwC4=",
        "owner": "nixos",
        "repo": "nixpkgs",
        "rev": "3239fd2b8f728106491154b44625662e10259af2",
        "type": "github"
      },
      "original": {
        "owner": "nixos",
        "ref": "nixpkgs-unstable",
        "repo": "nixpkgs",
        "type": "github"
      }
    },
    "root": {
      "inputs": {
        "nixpkgs": "nixpkgs"
      }
    }
  },
  "root": "root",
  "version": 7
}
