# This file is automatically @generated by Cargo.
# It is not intended for manual editing.
version = 3

[[package]]
name = "lazy_static"
version = "1.4.0"
source = "registry+https://github.com/rust-lang/crates.io-index"
checksum = "e2abad23fbc42b3700f2f279844dc832adb2b2eb069b2df918f455c4e18cc646"

[[package]]
name = "proc-macro2"
version = "1.0.43"
source = "registry+https://github.com/rust-lang/crates.io-index"
checksum = "0a2ca2c61bc9f3d74d2886294ab7b9853abd9c1ad903a3ac7815c58989bb7bab"
dependencies = [
 "unicode-ident",
]

[[package]]
name = "quote"
version = "1.0.21"
source = "registry+https://github.com/rust-lang/crates.io-index"
checksum = "bbe448f377a7d6961e30f5955f9b8d106c3f5e449d493ee1b125c1d43c2b5179"
dependencies = [
 "proc-macro2",
]

[[package]]
name = "regex"
version = "1.6.0"
source = "registry+https://github.com/rust-lang/crates.io-index"
checksum = "4c4eb3267174b8c6c2f654116623910a0fef09c4753f8dd83db29c48a0df988b"
dependencies = [
 "regex-syntax",
]

[[package]]
name = "regex-syntax"
version = "0.6.27"
source = "registry+https://github.com/rust-lang/crates.io-index"
checksum = "a3f87b73ce11b1619a3c6332f45341e0047173771e8b8b73f87bfeefb7b56244"

[[package]]
name = "santiago"
version = "0.1.0"
dependencies = [
 "lazy_static",
 "regex",
 "santiago_lexer",
 "santiago_macros",
 "santiago_parser",
 "santiago_types",
]

[[package]]
name = "santiago_dag"
version = "0.1.0"

[[package]]
name = "santiago_lexer"
version = "0.1.0"
dependencies = [
 "regex",
]

[[package]]
name = "santiago_macros"
version = "0.1.0"
dependencies = [
 "quote",
 "regex",
 "santiago_parser",
 "santiago_sorted_vec",
 "santiago_types",
 "syn",
]

[[package]]
name = "santiago_parser"
version = "0.1.0"
dependencies = [
 "quote",
 "santiago_dag",
 "santiago_lexer",
 "santiago_sorted_vec",
 "santiago_types",
]

[[package]]
name = "santiago_sorted_vec"
version = "0.1.0"

[[package]]
name = "santiago_types"
version = "0.1.0"

[[package]]
name = "syn"
version = "1.0.99"
source = "registry+https://github.com/rust-lang/crates.io-index"
checksum = "58dbef6ec655055e20b86b15a8cc6d439cca19b667537ac6a1369572d151ab13"
dependencies = [
 "proc-macro2",
 "quote",
 "unicode-ident",
]

[[package]]
name = "unicode-ident"
version = "1.0.3"
source = "registry+https://github.com/rust-lang/crates.io-index"
checksum = "c4f5b37a154999a8f3f98cc23a628d850e154479cd94decf3414696e12e31aaf"
